// !$*UTF8*$!
{
	archiveVersion = 1;
	classes = {
	};
	objectVersion = 50;
	objects = {

/* Begin PBXBuildFile section */
		04075BE022FC52140039E79B /* AppDelegate.swift in Sources */ = {isa = PBXBuildFile; fileRef = 04075BDF22FC52140039E79B /* AppDelegate.swift */; };
		04075BE222FC52140039E79B /* ViewController.swift in Sources */ = {isa = PBXBuildFile; fileRef = 04075BE122FC52140039E79B /* ViewController.swift */; };
		04075BE522FC52140039E79B /* Main.storyboard in Resources */ = {isa = PBXBuildFile; fileRef = 04075BE322FC52140039E79B /* Main.storyboard */; };
		04075BE722FC52170039E79B /* Assets.xcassets in Resources */ = {isa = PBXBuildFile; fileRef = 04075BE622FC52170039E79B /* Assets.xcassets */; };
		04075BEA22FC52170039E79B /* LaunchScreen.storyboard in Resources */ = {isa = PBXBuildFile; fileRef = 04075BE822FC52170039E79B /* LaunchScreen.storyboard */; };
		04075BF522FC52170039E79B /* constraintsProjectTests.swift in Sources */ = {isa = PBXBuildFile; fileRef = 04075BF422FC52170039E79B /* constraintsProjectTests.swift */; };
		04075C0022FC52170039E79B /* constraintsProjectUITests.swift in Sources */ = {isa = PBXBuildFile; fileRef = 04075BFF22FC52170039E79B /* constraintsProjectUITests.swift */; };
/* End PBXBuildFile section */

/* Begin PBXContainerItemProxy section */
		04075BF122FC52170039E79B /* PBXContainerItemProxy */ = {
			isa = PBXContainerItemProxy;
			containerPortal = 04075BD422FC52140039E79B /* Project object */;
			proxyType = 1;
			remoteGlobalIDString = 04075BDB22FC52140039E79B;
			remoteInfo = constraintsProject;
		};
		04075BFC22FC52170039E79B /* PBXContainerItemProxy */ = {
			isa = PBXContainerItemProxy;
			containerPortal = 04075BD422FC52140039E79B /* Project object */;
			proxyType = 1;
			remoteGlobalIDString = 04075BDB22FC52140039E79B;
			remoteInfo = constraintsProject;
		};
/* End PBXContainerItemProxy section */

/* Begin PBXFileReference section */
		04075BDC22FC52140039E79B /* constraintsProject.app */ = {isa = PBXFileReference; explicitFileType = wrapper.application; includeInIndex = 0; path = constraintsProject.app; sourceTree = BUILT_PRODUCTS_DIR; };
		04075BDF22FC52140039E79B /* AppDelegate.swift */ = {isa = PBXFileReference; lastKnownFileType = sourcecode.swift; path = AppDelegate.swift; sourceTree = "<group>"; };
		04075BE122FC52140039E79B /* ViewController.swift */ = {isa = PBXFileReference; lastKnownFileType = sourcecode.swift; path = ViewController.swift; sourceTree = "<group>"; };
		04075BE422FC52140039E79B /* Base */ = {isa = PBXFileReference; lastKnownFileType = file.storyboard; name = Base; path = Base.lproj/Main.storyboard; sourceTree = "<group>"; };
		04075BE622FC52170039E79B /* Assets.xcassets */ = {isa = PBXFileReference; lastKnownFileType = folder.assetcatalog; path = Assets.xcassets; sourceTree = "<group>"; };
		04075BE922FC52170039E79B /* Base */ = {isa = PBXFileReference; lastKnownFileType = file.storyboard; name = Base; path = Base.lproj/LaunchScreen.storyboard; sourceTree = "<group>"; };
		04075BEB22FC52170039E79B /* Info.plist */ = {isa = PBXFileReference; lastKnownFileType = text.plist.xml; path = Info.plist; sourceTree = "<group>"; };
		04075BF022FC52170039E79B /* constraintsProjectTests.xctest */ = {isa = PBXFileReference; explicitFileType = wrapper.cfbundle; includeInIndex = 0; path = constraintsProjectTests.xctest; sourceTree = BUILT_PRODUCTS_DIR; };
		04075BF422FC52170039E79B /* constraintsProjectTests.swift */ = {isa = PBXFileReference; lastKnownFileType = sourcecode.swift; path = constraintsProjectTests.swift; sourceTree = "<group>"; };
		04075BF622FC52170039E79B /* Info.plist */ = {isa = PBXFileReference; lastKnownFileType = text.plist.xml; path = Info.plist; sourceTree = "<group>"; };
		04075BFB22FC52170039E79B /* constraintsProjectUITests.xctest */ = {isa = PBXFileReference; explicitFileType = wrapper.cfbundle; includeInIndex = 0; path = constraintsProjectUITests.xctest; sourceTree = BUILT_PRODUCTS_DIR; };
		04075BFF22FC52170039E79B /* constraintsProjectUITests.swift */ = {isa = PBXFileReference; lastKnownFileType = sourcecode.swift; path = constraintsProjectUITests.swift; sourceTree = "<group>"; };
		04075C0122FC52170039E79B /* Info.plist */ = {isa = PBXFileReference; lastKnownFileType = text.plist.xml; path = Info.plist; sourceTree = "<group>"; };
/* End PBXFileReference section */

/* Begin PBXFrameworksBuildPhase section */
		04075BD922FC52140039E79B /* Frameworks */ = {
			isa = PBXFrameworksBuildPhase;
			buildActionMask = 2147483647;
			files = (
			);
			runOnlyForDeploymentPostprocessing = 0;
		};
		04075BED22FC52170039E79B /* Frameworks */ = {
			isa = PBXFrameworksBuildPhase;
			buildActionMask = 2147483647;
			files = (
			);
			runOnlyForDeploymentPostprocessing = 0;
		};
		04075BF822FC52170039E79B /* Frameworks */ = {
			isa = PBXFrameworksBuildPhase;
			buildActionMask = 2147483647;
			files = (
			);
			runOnlyForDeploymentPostprocessing = 0;
		};
/* End PBXFrameworksBuildPhase section */

/* Begin PBXGroup section */
		04075BD322FC52140039E79B = {
			isa = PBXGroup;
			children = (
				04075BDE22FC52140039E79B /* constraintsProject */,
				04075BF322FC52170039E79B /* constraintsProjectTests */,
				04075BFE22FC52170039E79B /* constraintsProjectUITests */,
				04075BDD22FC52140039E79B /* Products */,
			);
			sourceTree = "<group>";
		};
		04075BDD22FC52140039E79B /* Products */ = {
			isa = PBXGroup;
			children = (
				04075BDC22FC52140039E79B /* constraintsProject.app */,
				04075BF022FC52170039E79B /* constraintsProjectTests.xctest */,
				04075BFB22FC52170039E79B /* constraintsProjectUITests.xctest */,
			);
			name = Products;
			sourceTree = "<group>";
		};
		04075BDE22FC52140039E79B /* constraintsProject */ = {
			isa = PBXGroup;
			children = (
				04075BDF22FC52140039E79B /* AppDelegate.swift */,
				04075BE122FC52140039E79B /* ViewController.swift */,
				04075BE322FC52140039E79B /* Main.storyboard */,
				04075BE622FC52170039E79B /* Assets.xcassets */,
				04075BE822FC52170039E79B /* LaunchScreen.storyboard */,
				04075BEB22FC52170039E79B /* Info.plist */,
			);
			path = constraintsProject;
			sourceTree = "<group>";
		};
		04075BF322FC52170039E79B /* constraintsProjectTests */ = {
			isa = PBXGroup;
			children = (
				04075BF422FC52170039E79B /* constraintsProjectTests.swift */,
				04075BF622FC52170039E79B /* Info.plist */,
			);
			path = constraintsProjectTests;
			sourceTree = "<group>";
		};
		04075BFE22FC52170039E79B /* constraintsProjectUITests */ = {
			isa = PBXGroup;
			children = (
				04075BFF22FC52170039E79B /* constraintsProjectUITests.swift */,
				04075C0122FC52170039E79B /* Info.plist */,
			);
			path = constraintsProjectUITests;
			sourceTree = "<group>";
		};
/* End PBXGroup section */

/* Begin PBXNativeTarget section */
		04075BDB22FC52140039E79B /* constraintsProject */ = {
			isa = PBXNativeTarget;
			buildConfigurationList = 04075C0422FC52170039E79B /* Build configuration list for PBXNativeTarget "constraintsProject" */;
			buildPhases = (
				04075BD822FC52140039E79B /* Sources */,
				04075BD922FC52140039E79B /* Frameworks */,
				04075BDA22FC52140039E79B /* Resources */,
			);
			buildRules = (
			);
			dependencies = (
			);
			name = constraintsProject;
			productName = constraintsProject;
			productReference = 04075BDC22FC52140039E79B /* constraintsProject.app */;
			productType = "com.apple.product-type.application";
		};
		04075BEF22FC52170039E79B /* constraintsProjectTests */ = {
			isa = PBXNativeTarget;
			buildConfigurationList = 04075C0722FC52170039E79B /* Build configuration list for PBXNativeTarget "constraintsProjectTests" */;
			buildPhases = (
				04075BEC22FC52170039E79B /* Sources */,
				04075BED22FC52170039E79B /* Frameworks */,
				04075BEE22FC52170039E79B /* Resources */,
			);
			buildRules = (
			);
			dependencies = (
				04075BF222FC52170039E79B /* PBXTargetDependency */,
			);
			name = constraintsProjectTests;
			productName = constraintsProjectTests;
			productReference = 04075BF022FC52170039E79B /* constraintsProjectTests.xctest */;
			productType = "com.apple.product-type.bundle.unit-test";
		};
		04075BFA22FC52170039E79B /* constraintsProjectUITests */ = {
			isa = PBXNativeTarget;
			buildConfigurationList = 04075C0A22FC52170039E79B /* Build configuration list for PBXNativeTarget "constraintsProjectUITests" */;
			buildPhases = (
				04075BF722FC52170039E79B /* Sources */,
				04075BF822FC52170039E79B /* Frameworks */,
				04075BF922FC52170039E79B /* Resources */,
			);
			buildRules = (
			);
			dependencies = (
				04075BFD22FC52170039E79B /* PBXTargetDependency */,
			);
			name = constraintsProjectUITests;
			productName = constraintsProjectUITests;
			productReference = 04075BFB22FC52170039E79B /* constraintsProjectUITests.xctest */;
			productType = "com.apple.product-type.bundle.ui-testing";
		};
/* End PBXNativeTarget section */

/* Begin PBXProject section */
		04075BD422FC52140039E79B /* Project object */ = {
			isa = PBXProject;
			attributes = {
				LastSwiftUpdateCheck = 1030;
				LastUpgradeCheck = 1030;
				ORGANIZATIONNAME = MCS;
				TargetAttributes = {
					04075BDB22FC52140039E79B = {
						CreatedOnToolsVersion = 10.3;
					};
					04075BEF22FC52170039E79B = {
						CreatedOnToolsVersion = 10.3;
						TestTargetID = 04075BDB22FC52140039E79B;
					};
					04075BFA22FC52170039E79B = {
						CreatedOnToolsVersion = 10.3;
						TestTargetID = 04075BDB22FC52140039E79B;
					};
				};
			};
			buildConfigurationList = 04075BD722FC52140039E79B /* Build configuration list for PBXProject "constraintsProject" */;
			compatibilityVersion = "Xcode 9.3";
			developmentRegion = en;
			hasScannedForEncodings = 0;
			knownRegions = (
				en,
				Base,
			);
			mainGroup = 04075BD322FC52140039E79B;
			productRefGroup = 04075BDD22FC52140039E79B /* Products */;
			projectDirPath = "";
			projectRoot = "";
			targets = (
				04075BDB22FC52140039E79B /* constraintsProject */,
				04075BEF22FC52170039E79B /* constraintsProjectTests */,
				04075BFA22FC52170039E79B /* constraintsProjectUITests */,
			);
		};
/* End PBXProject section */

/* Begin PBXResourcesBuildPhase section */
		04075BDA22FC52140039E79B /* Resources */ = {
			isa = PBXResourcesBuildPhase;
			buildActionMask = 2147483647;
			files = (
				04075BEA22FC52170039E79B /* LaunchScreen.storyboard in Resources */,
				04075BE722FC52170039E79B /* Assets.xcassets in Resources */,
				04075BE522FC52140039E79B /* Main.storyboard in Resources */,
			);
			runOnlyForDeploymentPostprocessing = 0;
		};
		04075BEE22FC52170039E79B /* Resources */ = {
			isa = PBXResourcesBuildPhase;
			buildActionMask = 2147483647;
			files = (
			);
			runOnlyForDeploymentPostprocessing = 0;
		};
		04075BF922FC52170039E79B /* Resources */ = {
			isa = PBXResourcesBuildPhase;
			buildActionMask = 2147483647;
			files = (
			);
			runOnlyForDeploymentPostprocessing = 0;
		};
/* End PBXResourcesBuildPhase section */

/* Begin PBXSourcesBuildPhase section */
		04075BD822FC52140039E79B /* Sources */ = {
			isa = PBXSourcesBuildPhase;
			buildActionMask = 2147483647;
			files = (
				04075BE222FC52140039E79B /* ViewController.swift in Sources */,
				04075BE022FC52140039E79B /* AppDelegate.swift in Sources */,
			);
			runOnlyForDeploymentPostprocessing = 0;
		};
		04075BEC22FC52170039E79B /* Sources */ = {
			isa = PBXSourcesBuildPhase;
			buildActionMask = 2147483647;
			files = (
				04075BF522FC52170039E79B /* constraintsProjectTests.swift in Sources */,
			);
			runOnlyForDeploymentPostprocessing = 0;
		};
		04075BF722FC52170039E79B /* Sources */ = {
			isa = PBXSourcesBuildPhase;
			buildActionMask = 2147483647;
			files = (
				04075C0022FC52170039E79B /* constraintsProjectUITests.swift in Sources */,
			);
			runOnlyForDeploymentPostprocessing = 0;
		};
/* End PBXSourcesBuildPhase section */

/* Begin PBXTargetDependency section */
		04075BF222FC52170039E79B /* PBXTargetDependency */ = {
			isa = PBXTargetDependency;
			target = 04075BDB22FC52140039E79B /* constraintsProject */;
			targetProxy = 04075BF122FC52170039E79B /* PBXContainerItemProxy */;
		};
		04075BFD22FC52170039E79B /* PBXTargetDependency */ = {
			isa = PBXTargetDependency;
			target = 04075BDB22FC52140039E79B /* constraintsProject */;
			targetProxy = 04075BFC22FC52170039E79B /* PBXContainerItemProxy */;
		};
/* End PBXTargetDependency section */

/* Begin PBXVariantGroup section */
		04075BE322FC52140039E79B /* Main.storyboard */ = {
			isa = PBXVariantGroup;
			children = (
				04075BE422FC52140039E79B /* Base */,
			);
			name = Main.storyboard;
			sourceTree = "<group>";
		};
		04075BE822FC52170039E79B /* LaunchScreen.storyboard */ = {
			isa = PBXVariantGroup;
			children = (
				04075BE922FC52170039E79B /* Base */,
			);
			name = LaunchScreen.storyboard;
			sourceTree = "<group>";
		};
/* End PBXVariantGroup section */

/* Begin XCBuildConfiguration section */
		04075C0222FC52170039E79B /* Debug */ = {
			isa = XCBuildConfiguration;
			buildSettings = {
				ALWAYS_SEARCH_USER_PATHS = NO;
				CLANG_ANALYZER_NONNULL = YES;
				CLANG_ANALYZER_NUMBER_OBJECT_CONVERSION = YES_AGGRESSIVE;
				CLANG_CXX_LANGUAGE_STANDARD = "gnu++14";
				CLANG_CXX_LIBRARY = "libc++";
				CLANG_ENABLE_MODULES = YES;
				CLANG_ENABLE_OBJC_ARC = YES;
				CLANG_ENABLE_OBJC_WEAK = YES;
				CLANG_WARN_BLOCK_CAPTURE_AUTORELEASING = YES;
				CLANG_WARN_BOOL_CONVERSION = YES;
				CLANG_WARN_COMMA = YES;
				CLANG_WARN_CONSTANT_CONVERSION = YES;
				CLANG_WARN_DEPRECATED_OBJC_IMPLEMENTATIONS = YES;
				CLANG_WARN_DIRECT_OBJC_ISA_USAGE = YES_ERROR;
				CLANG_WARN_DOCUMENTATION_COMMENTS = YES;
				CLANG_WARN_EMPTY_BODY = YES;
				CLANG_WARN_ENUM_CONVERSION = YES;
				CLANG_WARN_INFINITE_RECURSION = YES;
				CLANG_WARN_INT_CONVERSION = YES;
				CLANG_WARN_NON_LITERAL_NULL_CONVERSION = YES;
				CLANG_WARN_OBJC_IMPLICIT_RETAIN_SELF = YES;
				CLANG_WARN_OBJC_LITERAL_CONVERSION = YES;
				CLANG_WARN_OBJC_ROOT_CLASS = YES_ERROR;
				CLANG_WARN_RANGE_LOOP_ANALYSIS = YES;
				CLANG_WARN_STRICT_PROTOTYPES = YES;
				CLANG_WARN_SUSPICIOUS_MOVE = YES;
				CLANG_WARN_UNGUARDED_AVAILABILITY = YES_AGGRESSIVE;
				CLANG_WARN_UNREACHABLE_CODE = YES;
				CLANG_WARN__DUPLICATE_METHOD_MATCH = YES;
				CODE_SIGN_IDENTITY = "iPhone Developer";
				COPY_PHASE_STRIP = NO;
				DEBUG_INFORMATION_FORMAT = dwarf;
				ENABLE_STRICT_OBJC_MSGSEND = YES;
				ENABLE_TESTABILITY = YES;
				GCC_C_LANGUAGE_STANDARD = gnu11;
				GCC_DYNAMIC_NO_PIC = NO;
				GCC_NO_COMMON_BLOCKS = YES;
				GCC_OPTIMIZATION_LEVEL = 0;
				GCC_PREPROCESSOR_DEFINITIONS = (
					"DEBUG=1",
					"$(inherited)",
				);
				GCC_WARN_64_TO_32_BIT_CONVERSION = YES;
				GCC_WARN_ABOUT_RETURN_TYPE = YES_ERROR;
				GCC_WARN_UNDECLARED_SELECTOR = YES;
				GCC_WARN_UNINITIALIZED_AUTOS = YES_AGGRESSIVE;
				GCC_WARN_UNUSED_FUNCTION = YES;
				GCC_WARN_UNUSED_VARIABLE = YES;
				IPHONEOS_DEPLOYMENT_TARGET = 12.4;
				MTL_ENABLE_DEBUG_INFO = INCLUDE_SOURCE;
				MTL_FAST_MATH = YES;
				ONLY_ACTIVE_ARCH = YES;
				SDKROOT = iphoneos;
				SWIFT_ACTIVE_COMPILATION_CONDITIONS = DEBUG;
				SWIFT_OPTIMIZATION_LEVEL = "-Onone";
			};
			name = Debug;
		};
		04075C0322FC52170039E79B /* Release */ = {
			isa = XCBuildConfiguration;
			buildSettings = {
				ALWAYS_SEARCH_USER_PATHS = NO;
				CLANG_ANALYZER_NONNULL = YES;
				CLANG_ANALYZER_NUMBER_OBJECT_CONVERSION = YES_AGGRESSIVE;
				CLANG_CXX_LANGUAGE_STANDARD = "gnu++14";
				CLANG_CXX_LIBRARY = "libc++";
				CLANG_ENABLE_MODULES = YES;
				CLANG_ENABLE_OBJC_ARC = YES;
				CLANG_ENABLE_OBJC_WEAK = YES;
				CLANG_WARN_BLOCK_CAPTURE_AUTORELEASING = YES;
				CLANG_WARN_BOOL_CONVERSION = YES;
				CLANG_WARN_COMMA = YES;
				CLANG_WARN_CONSTANT_CONVERSION = YES;
				CLANG_WARN_DEPRECATED_OBJC_IMPLEMENTATIONS = YES;
				CLANG_WARN_DIRECT_OBJC_ISA_USAGE = YES_ERROR;
				CLANG_WARN_DOCUMENTATION_COMMENTS = YES;
				CLANG_WARN_EMPTY_BODY = YES;
				CLANG_WARN_ENUM_CONVERSION = YES;
				CLANG_WARN_INFINITE_RECURSION = YES;
				CLANG_WARN_INT_CONVERSION = YES;
				CLANG_WARN_NON_LITERAL_NULL_CONVERSION = YES;
				CLANG_WARN_OBJC_IMPLICIT_RETAIN_SELF = YES;
				CLANG_WARN_OBJC_LITERAL_CONVERSION = YES;
				CLANG_WARN_OBJC_ROOT_CLASS = YES_ERROR;
				CLANG_WARN_RANGE_LOOP_ANALYSIS = YES;
				CLANG_WARN_STRICT_PROTOTYPES = YES;
				CLANG_WARN_SUSPICIOUS_MOVE = YES;
				CLANG_WARN_UNGUARDED_AVAILABILITY = YES_AGGRESSIVE;
				CLANG_WARN_UNREACHABLE_CODE = YES;
				CLANG_WARN__DUPLICATE_METHOD_MATCH = YES;
				CODE_SIGN_IDENTITY = "iPhone Developer";
				COPY_PHASE_STRIP = NO;
				DEBUG_INFORMATION_FORMAT = "dwarf-with-dsym";
				ENABLE_NS_ASSERTIONS = NO;
				ENABLE_STRICT_OBJC_MSGSEND = YES;
				GCC_C_LANGUAGE_STANDARD = gnu11;
				GCC_NO_COMMON_BLOCKS = YES;
				GCC_WARN_64_TO_32_BIT_CONVERSION = YES;
				GCC_WARN_ABOUT_RETURN_TYPE = YES_ERROR;
				GCC_WARN_UNDECLARED_SELECTOR = YES;
				GCC_WARN_UNINITIALIZED_AUTOS = YES_AGGRESSIVE;
				GCC_WARN_UNUSED_FUNCTION = YES;
				GCC_WARN_UNUSED_VARIABLE = YES;
				IPHONEOS_DEPLOYMENT_TARGET = 12.4;
				MTL_ENABLE_DEBUG_INFO = NO;
				MTL_FAST_MATH = YES;
				SDKROOT = iphoneos;
				SWIFT_COMPILATION_MODE = wholemodule;
				SWIFT_OPTIMIZATION_LEVEL = "-O";
				VALIDATE_PRODUCT = YES;
			};
			name = Release;
		};
		04075C0522FC52170039E79B /* Debug */ = {
			isa = XCBuildConfiguration;
			buildSettings = {
				ASSETCATALOG_COMPILER_APPICON_NAME = AppIcon;
				CODE_SIGN_STYLE = Automatic;
				INFOPLIST_FILE = constraintsProject/Info.plist;
				LD_RUNPATH_SEARCH_PATHS = (
					"$(inherited)",
					"@executable_path/Frameworks",
				);
				PRODUCT_BUNDLE_IDENTIFIER = Hamzah.constraintsProject;
				PRODUCT_NAME = "$(TARGET_NAME)";
				SWIFT_VERSION = 5.0;
				TARGETED_DEVICE_FAMILY = "1,2";
			};
			name = Debug;
		};
		04075C0622FC52170039E79B /* Release */ = {
			isa = XCBuildConfiguration;
			buildSettings = {
				ASSETCATALOG_COMPILER_APPICON_NAME = AppIcon;
				CODE_SIGN_STYLE = Automatic;
				INFOPLIST_FILE = constraintsProject/Info.plist;
				LD_RUNPATH_SEARCH_PATHS = (
					"$(inherited)",
					"@executable_path/Frameworks",
				);
				PRODUCT_BUNDLE_IDENTIFIER = Hamzah.constraintsProject;
				PRODUCT_NAME = "$(TARGET_NAME)";
				SWIFT_VERSION = 5.0;
				TARGETED_DEVICE_FAMILY = "1,2";
			};
			name = Release;
		};
		04075C0822FC52170039E79B /* Debug */ = {
			isa = XCBuildConfiguration;
			buildSettings = {
				ALWAYS_EMBED_SWIFT_STANDARD_LIBRARIES = YES;
				BUNDLE_LOADER = "$(TEST_HOST)";
				CODE_SIGN_STYLE = Automatic;
				INFOPLIST_FILE = constraintsProjectTests/Info.plist;
				LD_RUNPATH_SEARCH_PATHS = (
					"$(inherited)",
					"@executable_path/Frameworks",
					"@loader_path/Frameworks",
				);
				PRODUCT_BUNDLE_IDENTIFIER = Hamzah.constraintsProjectTests;
				PRODUCT_NAME = "$(TARGET_NAME)";
				SWIFT_VERSION = 5.0;
				TARGETED_DEVICE_FAMILY = "1,2";
				TEST_HOST = "$(BUILT_PRODUCTS_DIR)/constraintsProject.app/constraintsProject";
			};
			name = Debug;
		};
		04075C0922FC52170039E79B /* Release */ = {
			isa = XCBuildConfiguration;
			buildSettings = {
				ALWAYS_EMBED_SWIFT_STANDARD_LIBRARIES = YES;
				BUNDLE_LOADER = "$(TEST_HOST)";
				CODE_SIGN_STYLE = Automatic;
				INFOPLIST_FILE = constraintsProjectTests/Info.plist;
				LD_RUNPATH_SEARCH_PATHS = (
					"$(inherited)",
					"@executable_path/Frameworks",
					"@loader_path/Frameworks",
				);
				PRODUCT_BUNDLE_IDENTIFIER = Hamzah.constraintsProjectTests;
				PRODUCT_NAME = "$(TARGET_NAME)";
				SWIFT_VERSION = 5.0;
				TARGETED_DEVICE_FAMILY = "1,2";
				TEST_HOST = "$(BUILT_PRODUCTS_DIR)/constraintsProject.app/constraintsProject";
			};
			name = Release;
		};
		04075C0B22FC52170039E79B /* Debug */ = {
			isa = XCBuildConfiguration;
			buildSettings = {
				ALWAYS_EMBED_SWIFT_STANDARD_LIBRARIES = YES;
				CODE_SIGN_STYLE = Automatic;
				INFOPLIST_FILE = constraintsProjectUITests/Info.plist;
				LD_RUNPATH_SEARCH_PATHS = (
					"$(inherited)",
					"@executable_path/Frameworks",
					"@loader_path/Frameworks",
				);
				PRODUCT_BUNDLE_IDENTIFIER = Hamzah.constraintsProjectUITests;
				PRODUCT_NAME = "$(TARGET_NAME)";
				SWIFT_VERSION = 5.0;
				TARGETED_DEVICE_FAMILY = "1,2";
				TEST_TARGET_NAME = constraintsProject;
			};
			name = Debug;
		};
		04075C0C22FC52170039E79B /* Release */ = {
			isa = XCBuildConfiguration;
			buildSettings = {
				ALWAYS_EMBED_SWIFT_STANDARD_LIBRARIES = YES;
				CODE_SIGN_STYLE = Automatic;
				INFOPLIST_FILE = constraintsProjectUITests/Info.plist;
				LD_RUNPATH_SEARCH_PATHS = (
					"$(inherited)",
					"@executable_path/Frameworks",
					"@loader_path/Frameworks",
				);
				PRODUCT_BUNDLE_IDENTIFIER = Hamzah.constraintsProjectUITests;
				PRODUCT_NAME = "$(TARGET_NAME)";
				SWIFT_VERSION = 5.0;
				TARGETED_DEVICE_FAMILY = "1,2";
				TEST_TARGET_NAME = constraintsProject;
			};
			name = Release;
		};
/* End XCBuildConfiguration section */

/* Begin XCConfigurationList section */
		04075BD722FC52140039E79B /* Build configuration list for PBXProject "constraintsProject" */ = {
			isa = XCConfigurationList;
			buildConfigurations = (
				04075C0222FC52170039E79B /* Debug */,
				04075C0322FC52170039E79B /* Release */,
			);
			defaultConfigurationIsVisible = 0;
			defaultConfigurationName = Release;
		};
		04075C0422FC52170039E79B /* Build configuration list for PBXNativeTarget "constraintsProject" */ = {
			isa = XCConfigurationList;
			buildConfigurations = (
				04075C0522FC52170039E79B /* Debug */,
				04075C0622FC52170039E79B /* Release */,
			);
			defaultConfigurationIsVisible = 0;
			defaultConfigurationName = Release;
		};
		04075C0722FC52170039E79B /* Build configuration list for PBXNativeTarget "constraintsProjectTests" */ = {
			isa = XCConfigurationList;
			buildConfigurations = (
				04075C0822FC52170039E79B /* Debug */,
				04075C0922FC52170039E79B /* Release */,
			);
			defaultConfigurationIsVisible = 0;
			defaultConfigurationName = Release;
		};
		04075C0A22FC52170039E79B /* Build configuration list for PBXNativeTarget "constraintsProjectUITests" */ = {
			isa = XCConfigurationList;
			buildConfigurations = (
				04075C0B22FC52170039E79B /* Debug */,
				04075C0C22FC52170039E79B /* Release */,
			);
			defaultConfigurationIsVisible = 0;
			defaultConfigurationName = Release;
		};
/* End XCConfigurationList section */
	};
	rootObject = 04075BD422FC52140039E79B /* Project object */;
}
