// !$*UTF8*$!
{
	archiveVersion = 1;
	classes = {
	};
	objectVersion = 50;
	objects = {

/* Begin PBXBuildFile section */
		04055FC4231FE673002638BC /* secondTestTests.swift in Sources */ = {isa = PBXBuildFile; fileRef = 04055FC3231FE673002638BC /* secondTestTests.swift */; };
		040747A9231016B3009659F3 /* AppDelegate.swift in Sources */ = {isa = PBXBuildFile; fileRef = 040747A8231016B3009659F3 /* AppDelegate.swift */; };
		040747AB231016B3009659F3 /* ViewController.swift in Sources */ = {isa = PBXBuildFile; fileRef = 040747AA231016B3009659F3 /* ViewController.swift */; };
		040747AE231016B3009659F3 /* Main.storyboard in Resources */ = {isa = PBXBuildFile; fileRef = 040747AC231016B3009659F3 /* Main.storyboard */; };
		040747B1231016B3009659F3 /* secondTest.xcdatamodeld in Sources */ = {isa = PBXBuildFile; fileRef = 040747AF231016B3009659F3 /* secondTest.xcdatamodeld */; };
		040747B3231016B6009659F3 /* Assets.xcassets in Resources */ = {isa = PBXBuildFile; fileRef = 040747B2231016B6009659F3 /* Assets.xcassets */; };
		040747B6231016B6009659F3 /* LaunchScreen.storyboard in Resources */ = {isa = PBXBuildFile; fileRef = 040747B4231016B6009659F3 /* LaunchScreen.storyboard */; };
		040747BE231016D9009659F3 /* CoreDataManager.swift in Sources */ = {isa = PBXBuildFile; fileRef = 040747BD231016D9009659F3 /* CoreDataManager.swift */; };
		040747C123101B9C009659F3 /* Joke+CoreDataClass.swift in Sources */ = {isa = PBXBuildFile; fileRef = 040747BF23101B9C009659F3 /* Joke+CoreDataClass.swift */; };
		040747C223101B9C009659F3 /* Joke+CoreDataProperties.swift in Sources */ = {isa = PBXBuildFile; fileRef = 040747C023101B9C009659F3 /* Joke+CoreDataProperties.swift */; };
		040747C5231039C3009659F3 /* MyTableViewCell.swift in Sources */ = {isa = PBXBuildFile; fileRef = 040747C3231039C3009659F3 /* MyTableViewCell.swift */; };
		040747C6231039C3009659F3 /* MyTableViewCell.xib in Resources */ = {isa = PBXBuildFile; fileRef = 040747C4231039C3009659F3 /* MyTableViewCell.xib */; };
/* End PBXBuildFile section */

/* Begin PBXContainerItemProxy section */
		04055FC6231FE673002638BC /* PBXContainerItemProxy */ = {
			isa = PBXContainerItemProxy;
			containerPortal = 0407479D231016B3009659F3 /* Project object */;
			proxyType = 1;
			remoteGlobalIDString = 040747A4231016B3009659F3;
			remoteInfo = secondTest;
		};
/* End PBXContainerItemProxy section */

/* Begin PBXFileReference section */
		04055FC1231FE673002638BC /* secondTestTests.xctest */ = {isa = PBXFileReference; explicitFileType = wrapper.cfbundle; includeInIndex = 0; path = secondTestTests.xctest; sourceTree = BUILT_PRODUCTS_DIR; };
		04055FC3231FE673002638BC /* secondTestTests.swift */ = {isa = PBXFileReference; lastKnownFileType = sourcecode.swift; path = secondTestTests.swift; sourceTree = "<group>"; };
		04055FC5231FE673002638BC /* Info.plist */ = {isa = PBXFileReference; lastKnownFileType = text.plist.xml; path = Info.plist; sourceTree = "<group>"; };
		040747A5231016B3009659F3 /* secondTest.app */ = {isa = PBXFileReference; explicitFileType = wrapper.application; includeInIndex = 0; path = secondTest.app; sourceTree = BUILT_PRODUCTS_DIR; };
		040747A8231016B3009659F3 /* AppDelegate.swift */ = {isa = PBXFileReference; lastKnownFileType = sourcecode.swift; path = AppDelegate.swift; sourceTree = "<group>"; };
		040747AA231016B3009659F3 /* ViewController.swift */ = {isa = PBXFileReference; lastKnownFileType = sourcecode.swift; path = ViewController.swift; sourceTree = "<group>"; };
		040747AD231016B3009659F3 /* Base */ = {isa = PBXFileReference; lastKnownFileType = file.storyboard; name = Base; path = Base.lproj/Main.storyboard; sourceTree = "<group>"; };
		040747B0231016B3009659F3 /* secondTest.xcdatamodel */ = {isa = PBXFileReference; lastKnownFileType = wrapper.xcdatamodel; path = secondTest.xcdatamodel; sourceTree = "<group>"; };
		040747B2231016B6009659F3 /* Assets.xcassets */ = {isa = PBXFileReference; lastKnownFileType = folder.assetcatalog; path = Assets.xcassets; sourceTree = "<group>"; };
		040747B5231016B6009659F3 /* Base */ = {isa = PBXFileReference; lastKnownFileType = file.storyboard; name = Base; path = Base.lproj/LaunchScreen.storyboard; sourceTree = "<group>"; };
		040747B7231016B6009659F3 /* Info.plist */ = {isa = PBXFileReference; lastKnownFileType = text.plist.xml; path = Info.plist; sourceTree = "<group>"; };
		040747BD231016D9009659F3 /* CoreDataManager.swift */ = {isa = PBXFileReference; lastKnownFileType = sourcecode.swift; path = CoreDataManager.swift; sourceTree = "<group>"; };
		040747BF23101B9C009659F3 /* Joke+CoreDataClass.swift */ = {isa = PBXFileReference; lastKnownFileType = sourcecode.swift; path = "Joke+CoreDataClass.swift"; sourceTree = "<group>"; };
		040747C023101B9C009659F3 /* Joke+CoreDataProperties.swift */ = {isa = PBXFileReference; lastKnownFileType = sourcecode.swift; path = "Joke+CoreDataProperties.swift"; sourceTree = "<group>"; };
		040747C3231039C3009659F3 /* MyTableViewCell.swift */ = {isa = PBXFileReference; lastKnownFileType = sourcecode.swift; path = MyTableViewCell.swift; sourceTree = "<group>"; };
		040747C4231039C3009659F3 /* MyTableViewCell.xib */ = {isa = PBXFileReference; lastKnownFileType = file.xib; path = MyTableViewCell.xib; sourceTree = "<group>"; };
/* End PBXFileReference section */

/* Begin PBXFrameworksBuildPhase section */
		04055FBE231FE673002638BC /* Frameworks */ = {
			isa = PBXFrameworksBuildPhase;
			buildActionMask = 2147483647;
			files = (
			);
			runOnlyForDeploymentPostprocessing = 0;
		};
		040747A2231016B3009659F3 /* Frameworks */ = {
			isa = PBXFrameworksBuildPhase;
			buildActionMask = 2147483647;
			files = (
			);
			runOnlyForDeploymentPostprocessing = 0;
		};
/* End PBXFrameworksBuildPhase section */

/* Begin PBXGroup section */
		04055FC2231FE673002638BC /* secondTestTests */ = {
			isa = PBXGroup;
			children = (
				04055FC3231FE673002638BC /* secondTestTests.swift */,
				04055FC5231FE673002638BC /* Info.plist */,
			);
			path = secondTestTests;
			sourceTree = "<group>";
		};
		0407479C231016B3009659F3 = {
			isa = PBXGroup;
			children = (
				040747A7231016B3009659F3 /* secondTest */,
				04055FC2231FE673002638BC /* secondTestTests */,
				040747A6231016B3009659F3 /* Products */,
			);
			sourceTree = "<group>";
		};
		040747A6231016B3009659F3 /* Products */ = {
			isa = PBXGroup;
			children = (
				040747A5231016B3009659F3 /* secondTest.app */,
				04055FC1231FE673002638BC /* secondTestTests.xctest */,
			);
			name = Products;
			sourceTree = "<group>";
		};
		040747A7231016B3009659F3 /* secondTest */ = {
			isa = PBXGroup;
			children = (
				040747A8231016B3009659F3 /* AppDelegate.swift */,
				040747AA231016B3009659F3 /* ViewController.swift */,
				040747AC231016B3009659F3 /* Main.storyboard */,
				040747B2231016B6009659F3 /* Assets.xcassets */,
				040747B4231016B6009659F3 /* LaunchScreen.storyboard */,
				040747B7231016B6009659F3 /* Info.plist */,
				040747AF231016B3009659F3 /* secondTest.xcdatamodeld */,
				040747BF23101B9C009659F3 /* Joke+CoreDataClass.swift */,
				040747C023101B9C009659F3 /* Joke+CoreDataProperties.swift */,
				040747C3231039C3009659F3 /* MyTableViewCell.swift */,
				040747C4231039C3009659F3 /* MyTableViewCell.xib */,
				040747BD231016D9009659F3 /* CoreDataManager.swift */,
			);
			path = secondTest;
			sourceTree = "<group>";
		};
/* End PBXGroup section */

/* Begin PBXNativeTarget section */
		04055FC0231FE673002638BC /* secondTestTests */ = {
			isa = PBXNativeTarget;
			buildConfigurationList = 04055FCA231FE673002638BC /* Build configuration list for PBXNativeTarget "secondTestTests" */;
			buildPhases = (
				04055FBD231FE673002638BC /* Sources */,
				04055FBE231FE673002638BC /* Frameworks */,
				04055FBF231FE673002638BC /* Resources */,
			);
			buildRules = (
			);
			dependencies = (
				04055FC7231FE673002638BC /* PBXTargetDependency */,
			);
			name = secondTestTests;
			productName = secondTestTests;
			productReference = 04055FC1231FE673002638BC /* secondTestTests.xctest */;
			productType = "com.apple.product-type.bundle.unit-test";
		};
		040747A4231016B3009659F3 /* secondTest */ = {
			isa = PBXNativeTarget;
			buildConfigurationList = 040747BA231016B6009659F3 /* Build configuration list for PBXNativeTarget "secondTest" */;
			buildPhases = (
				040747A1231016B3009659F3 /* Sources */,
				040747A2231016B3009659F3 /* Frameworks */,
				040747A3231016B3009659F3 /* Resources */,
			);
			buildRules = (
			);
			dependencies = (
			);
			name = secondTest;
			productName = secondTest;
			productReference = 040747A5231016B3009659F3 /* secondTest.app */;
			productType = "com.apple.product-type.application";
		};
/* End PBXNativeTarget section */

/* Begin PBXProject section */
		0407479D231016B3009659F3 /* Project object */ = {
			isa = PBXProject;
			attributes = {
				LastSwiftUpdateCheck = 1030;
				LastUpgradeCheck = 1030;
				ORGANIZATIONNAME = MCS;
				TargetAttributes = {
					04055FC0231FE673002638BC = {
						CreatedOnToolsVersion = 10.3;
						TestTargetID = 040747A4231016B3009659F3;
					};
					040747A4231016B3009659F3 = {
						CreatedOnToolsVersion = 10.3;
					};
				};
			};
			buildConfigurationList = 040747A0231016B3009659F3 /* Build configuration list for PBXProject "secondTest" */;
			compatibilityVersion = "Xcode 9.3";
			developmentRegion = en;
			hasScannedForEncodings = 0;
			knownRegions = (
				en,
				Base,
			);
			mainGroup = 0407479C231016B3009659F3;
			productRefGroup = 040747A6231016B3009659F3 /* Products */;
			projectDirPath = "";
			projectRoot = "";
			targets = (
				040747A4231016B3009659F3 /* secondTest */,
				04055FC0231FE673002638BC /* secondTestTests */,
			);
		};
/* End PBXProject section */

/* Begin PBXResourcesBuildPhase section */
		04055FBF231FE673002638BC /* Resources */ = {
			isa = PBXResourcesBuildPhase;
			buildActionMask = 2147483647;
			files = (
			);
			runOnlyForDeploymentPostprocessing = 0;
		};
		040747A3231016B3009659F3 /* Resources */ = {
			isa = PBXResourcesBuildPhase;
			buildActionMask = 2147483647;
			files = (
				040747B6231016B6009659F3 /* LaunchScreen.storyboard in Resources */,
				040747C6231039C3009659F3 /* MyTableViewCell.xib in Resources */,
				040747B3231016B6009659F3 /* Assets.xcassets in Resources */,
				040747AE231016B3009659F3 /* Main.storyboard in Resources */,
			);
			runOnlyForDeploymentPostprocessing = 0;
		};
/* End PBXResourcesBuildPhase section */

/* Begin PBXSourcesBuildPhase section */
		04055FBD231FE673002638BC /* Sources */ = {
			isa = PBXSourcesBuildPhase;
			buildActionMask = 2147483647;
			files = (
				04055FC4231FE673002638BC /* secondTestTests.swift in Sources */,
			);
			runOnlyForDeploymentPostprocessing = 0;
		};
		040747A1231016B3009659F3 /* Sources */ = {
			isa = PBXSourcesBuildPhase;
			buildActionMask = 2147483647;
			files = (
				040747C5231039C3009659F3 /* MyTableViewCell.swift in Sources */,
				040747C223101B9C009659F3 /* Joke+CoreDataProperties.swift in Sources */,
				040747AB231016B3009659F3 /* ViewController.swift in Sources */,
				040747B1231016B3009659F3 /* secondTest.xcdatamodeld in Sources */,
				040747BE231016D9009659F3 /* CoreDataManager.swift in Sources */,
				040747C123101B9C009659F3 /* Joke+CoreDataClass.swift in Sources */,
				040747A9231016B3009659F3 /* AppDelegate.swift in Sources */,
			);
			runOnlyForDeploymentPostprocessing = 0;
		};
/* End PBXSourcesBuildPhase section */

/* Begin PBXTargetDependency section */
		04055FC7231FE673002638BC /* PBXTargetDependency */ = {
			isa = PBXTargetDependency;
			target = 040747A4231016B3009659F3 /* secondTest */;
			targetProxy = 04055FC6231FE673002638BC /* PBXContainerItemProxy */;
		};
/* End PBXTargetDependency section */

/* Begin PBXVariantGroup section */
		040747AC231016B3009659F3 /* Main.storyboard */ = {
			isa = PBXVariantGroup;
			children = (
				040747AD231016B3009659F3 /* Base */,
			);
			name = Main.storyboard;
			sourceTree = "<group>";
		};
		040747B4231016B6009659F3 /* LaunchScreen.storyboard */ = {
			isa = PBXVariantGroup;
			children = (
				040747B5231016B6009659F3 /* Base */,
			);
			name = LaunchScreen.storyboard;
			sourceTree = "<group>";
		};
/* End PBXVariantGroup section */

/* Begin XCBuildConfiguration section */
		04055FC8231FE673002638BC /* Debug */ = {
			isa = XCBuildConfiguration;
			buildSettings = {
				BUNDLE_LOADER = "$(TEST_HOST)";
				CODE_SIGN_STYLE = Automatic;
				DEVELOPMENT_TEAM = 6FE8BEE34N;
				INFOPLIST_FILE = secondTestTests/Info.plist;
				LD_RUNPATH_SEARCH_PATHS = (
					"$(inherited)",
					"@executable_path/Frameworks",
					"@loader_path/Frameworks",
				);
				PRODUCT_BUNDLE_IDENTIFIER = Hamzah.secondTestTests;
				PRODUCT_NAME = "$(TARGET_NAME)";
				SWIFT_VERSION = 5.0;
				TARGETED_DEVICE_FAMILY = "1,2";
				TEST_HOST = "$(BUILT_PRODUCTS_DIR)/secondTest.app/secondTest";
			};
			name = Debug;
		};
		04055FC9231FE673002638BC /* Release */ = {
			isa = XCBuildConfiguration;
			buildSettings = {
				BUNDLE_LOADER = "$(TEST_HOST)";
				CODE_SIGN_STYLE = Automatic;
				DEVELOPMENT_TEAM = 6FE8BEE34N;
				INFOPLIST_FILE = secondTestTests/Info.plist;
				LD_RUNPATH_SEARCH_PATHS = (
					"$(inherited)",
					"@executable_path/Frameworks",
					"@loader_path/Frameworks",
				);
				PRODUCT_BUNDLE_IDENTIFIER = Hamzah.secondTestTests;
				PRODUCT_NAME = "$(TARGET_NAME)";
				SWIFT_VERSION = 5.0;
				TARGETED_DEVICE_FAMILY = "1,2";
				TEST_HOST = "$(BUILT_PRODUCTS_DIR)/secondTest.app/secondTest";
			};
			name = Release;
		};
		040747B8231016B6009659F3 /* Debug */ = {
			isa = XCBuildConfiguration;
			buildSettings = {
				ALWAYS_SEARCH_USER_PATHS = NO;
				CLANG_ANALYZER_NONNULL = YES;
				CLANG_ANALYZER_NUMBER_OBJECT_CONVERSION = YES_AGGRESSIVE;
				CLANG_CXX_LANGUAGE_STANDARD = "gnu++14";
				CLANG_CXX_LIBRARY = "libc++";
				CLANG_ENABLE_MODULES = YES;
				CLANG_ENABLE_OBJC_ARC = YES;
				CLANG_ENABLE_OBJC_WEAK = YES;
				CLANG_WARN_BLOCK_CAPTURE_AUTORELEASING = YES;
				CLANG_WARN_BOOL_CONVERSION = YES;
				CLANG_WARN_COMMA = YES;
				CLANG_WARN_CONSTANT_CONVERSION = YES;
				CLANG_WARN_DEPRECATED_OBJC_IMPLEMENTATIONS = YES;
				CLANG_WARN_DIRECT_OBJC_ISA_USAGE = YES_ERROR;
				CLANG_WARN_DOCUMENTATION_COMMENTS = YES;
				CLANG_WARN_EMPTY_BODY = YES;
				CLANG_WARN_ENUM_CONVERSION = YES;
				CLANG_WARN_INFINITE_RECURSION = YES;
				CLANG_WARN_INT_CONVERSION = YES;
				CLANG_WARN_NON_LITERAL_NULL_CONVERSION = YES;
				CLANG_WARN_OBJC_IMPLICIT_RETAIN_SELF = YES;
				CLANG_WARN_OBJC_LITERAL_CONVERSION = YES;
				CLANG_WARN_OBJC_ROOT_CLASS = YES_ERROR;
				CLANG_WARN_RANGE_LOOP_ANALYSIS = YES;
				CLANG_WARN_STRICT_PROTOTYPES = YES;
				CLANG_WARN_SUSPICIOUS_MOVE = YES;
				CLANG_WARN_UNGUARDED_AVAILABILITY = YES_AGGRESSIVE;
				CLANG_WARN_UNREACHABLE_CODE = YES;
				CLANG_WARN__DUPLICATE_METHOD_MATCH = YES;
				CODE_SIGN_IDENTITY = "iPhone Developer";
				COPY_PHASE_STRIP = NO;
				DEBUG_INFORMATION_FORMAT = dwarf;
				ENABLE_STRICT_OBJC_MSGSEND = YES;
				ENABLE_TESTABILITY = YES;
				GCC_C_LANGUAGE_STANDARD = gnu11;
				GCC_DYNAMIC_NO_PIC = NO;
				GCC_NO_COMMON_BLOCKS = YES;
				GCC_OPTIMIZATION_LEVEL = 0;
				GCC_PREPROCESSOR_DEFINITIONS = (
					"DEBUG=1",
					"$(inherited)",
				);
				GCC_WARN_64_TO_32_BIT_CONVERSION = YES;
				GCC_WARN_ABOUT_RETURN_TYPE = YES_ERROR;
				GCC_WARN_UNDECLARED_SELECTOR = YES;
				GCC_WARN_UNINITIALIZED_AUTOS = YES_AGGRESSIVE;
				GCC_WARN_UNUSED_FUNCTION = YES;
				GCC_WARN_UNUSED_VARIABLE = YES;
				IPHONEOS_DEPLOYMENT_TARGET = 12.4;
				MTL_ENABLE_DEBUG_INFO = INCLUDE_SOURCE;
				MTL_FAST_MATH = YES;
				ONLY_ACTIVE_ARCH = YES;
				SDKROOT = iphoneos;
				SWIFT_ACTIVE_COMPILATION_CONDITIONS = DEBUG;
				SWIFT_OPTIMIZATION_LEVEL = "-Onone";
			};
			name = Debug;
		};
		040747B9231016B6009659F3 /* Release */ = {
			isa = XCBuildConfiguration;
			buildSettings = {
				ALWAYS_SEARCH_USER_PATHS = NO;
				CLANG_ANALYZER_NONNULL = YES;
				CLANG_ANALYZER_NUMBER_OBJECT_CONVERSION = YES_AGGRESSIVE;
				CLANG_CXX_LANGUAGE_STANDARD = "gnu++14";
				CLANG_CXX_LIBRARY = "libc++";
				CLANG_ENABLE_MODULES = YES;
				CLANG_ENABLE_OBJC_ARC = YES;
				CLANG_ENABLE_OBJC_WEAK = YES;
				CLANG_WARN_BLOCK_CAPTURE_AUTORELEASING = YES;
				CLANG_WARN_BOOL_CONVERSION = YES;
				CLANG_WARN_COMMA = YES;
				CLANG_WARN_CONSTANT_CONVERSION = YES;
				CLANG_WARN_DEPRECATED_OBJC_IMPLEMENTATIONS = YES;
				CLANG_WARN_DIRECT_OBJC_ISA_USAGE = YES_ERROR;
				CLANG_WARN_DOCUMENTATION_COMMENTS = YES;
				CLANG_WARN_EMPTY_BODY = YES;
				CLANG_WARN_ENUM_CONVERSION = YES;
				CLANG_WARN_INFINITE_RECURSION = YES;
				CLANG_WARN_INT_CONVERSION = YES;
				CLANG_WARN_NON_LITERAL_NULL_CONVERSION = YES;
				CLANG_WARN_OBJC_IMPLICIT_RETAIN_SELF = YES;
				CLANG_WARN_OBJC_LITERAL_CONVERSION = YES;
				CLANG_WARN_OBJC_ROOT_CLASS = YES_ERROR;
				CLANG_WARN_RANGE_LOOP_ANALYSIS = YES;
				CLANG_WARN_STRICT_PROTOTYPES = YES;
				CLANG_WARN_SUSPICIOUS_MOVE = YES;
				CLANG_WARN_UNGUARDED_AVAILABILITY = YES_AGGRESSIVE;
				CLANG_WARN_UNREACHABLE_CODE = YES;
				CLANG_WARN__DUPLICATE_METHOD_MATCH = YES;
				CODE_SIGN_IDENTITY = "iPhone Developer";
				COPY_PHASE_STRIP = NO;
				DEBUG_INFORMATION_FORMAT = "dwarf-with-dsym";
				ENABLE_NS_ASSERTIONS = NO;
				ENABLE_STRICT_OBJC_MSGSEND = YES;
				GCC_C_LANGUAGE_STANDARD = gnu11;
				GCC_NO_COMMON_BLOCKS = YES;
				GCC_WARN_64_TO_32_BIT_CONVERSION = YES;
				GCC_WARN_ABOUT_RETURN_TYPE = YES_ERROR;
				GCC_WARN_UNDECLARED_SELECTOR = YES;
				GCC_WARN_UNINITIALIZED_AUTOS = YES_AGGRESSIVE;
				GCC_WARN_UNUSED_FUNCTION = YES;
				GCC_WARN_UNUSED_VARIABLE = YES;
				IPHONEOS_DEPLOYMENT_TARGET = 12.4;
				MTL_ENABLE_DEBUG_INFO = NO;
				MTL_FAST_MATH = YES;
				SDKROOT = iphoneos;
				SWIFT_COMPILATION_MODE = wholemodule;
				SWIFT_OPTIMIZATION_LEVEL = "-O";
				VALIDATE_PRODUCT = YES;
			};
			name = Release;
		};
		040747BB231016B6009659F3 /* Debug */ = {
			isa = XCBuildConfiguration;
			buildSettings = {
				ASSETCATALOG_COMPILER_APPICON_NAME = AppIcon;
				CODE_SIGN_STYLE = Automatic;
				DEVELOPMENT_TEAM = 6FE8BEE34N;
				INFOPLIST_FILE = secondTest/Info.plist;
				LD_RUNPATH_SEARCH_PATHS = (
					"$(inherited)",
					"@executable_path/Frameworks",
				);
				PRODUCT_BUNDLE_IDENTIFIER = Hamzah.secondTest;
				PRODUCT_NAME = "$(TARGET_NAME)";
				SWIFT_VERSION = 5.0;
				TARGETED_DEVICE_FAMILY = "1,2";
			};
			name = Debug;
		};
		040747BC231016B6009659F3 /* Release */ = {
			isa = XCBuildConfiguration;
			buildSettings = {
				ASSETCATALOG_COMPILER_APPICON_NAME = AppIcon;
				CODE_SIGN_STYLE = Automatic;
				DEVELOPMENT_TEAM = 6FE8BEE34N;
				INFOPLIST_FILE = secondTest/Info.plist;
				LD_RUNPATH_SEARCH_PATHS = (
					"$(inherited)",
					"@executable_path/Frameworks",
				);
				PRODUCT_BUNDLE_IDENTIFIER = Hamzah.secondTest;
				PRODUCT_NAME = "$(TARGET_NAME)";
				SWIFT_VERSION = 5.0;
				TARGETED_DEVICE_FAMILY = "1,2";
			};
			name = Release;
		};
/* End XCBuildConfiguration section */

/* Begin XCConfigurationList section */
		04055FCA231FE673002638BC /* Build configuration list for PBXNativeTarget "secondTestTests" */ = {
			isa = XCConfigurationList;
			buildConfigurations = (
				04055FC8231FE673002638BC /* Debug */,
				04055FC9231FE673002638BC /* Release */,
			);
			defaultConfigurationIsVisible = 0;
			defaultConfigurationName = Release;
		};
		040747A0231016B3009659F3 /* Build configuration list for PBXProject "secondTest" */ = {
			isa = XCConfigurationList;
			buildConfigurations = (
				040747B8231016B6009659F3 /* Debug */,
				040747B9231016B6009659F3 /* Release */,
			);
			defaultConfigurationIsVisible = 0;
			defaultConfigurationName = Release;
		};
		040747BA231016B6009659F3 /* Build configuration list for PBXNativeTarget "secondTest" */ = {
			isa = XCConfigurationList;
			buildConfigurations = (
				040747BB231016B6009659F3 /* Debug */,
				040747BC231016B6009659F3 /* Release */,
			);
			defaultConfigurationIsVisible = 0;
			defaultConfigurationName = Release;
		};
/* End XCConfigurationList section */

/* Begin XCVersionGroup section */
		040747AF231016B3009659F3 /* secondTest.xcdatamodeld */ = {
			isa = XCVersionGroup;
			children = (
				040747B0231016B3009659F3 /* secondTest.xcdatamodel */,
			);
			currentVersion = 040747B0231016B3009659F3 /* secondTest.xcdatamodel */;
			path = secondTest.xcdatamodeld;
			sourceTree = "<group>";
			versionGroupType = wrapper.xcdatamodel;
		};
/* End XCVersionGroup section */
	};
	rootObject = 0407479D231016B3009659F3 /* Project object */;
}
