// !$*UTF8*$!
{
	archiveVersion = 1;
	classes = {
	};
	objectVersion = 51;
	objects = {

/* Begin PBXBuildFile section */
		04231F8423AAB12500031048 /* ResultViewController.swift in Sources */ = {isa = PBXBuildFile; fileRef = 04231F8323AAB12500031048 /* ResultViewController.swift */; };
		04231F8623AAB13100031048 /* DetailViewController.swift in Sources */ = {isa = PBXBuildFile; fileRef = 04231F8523AAB13100031048 /* DetailViewController.swift */; };
		04231F8823AAB2FE00031048 /* LibraryContainer.swift in Sources */ = {isa = PBXBuildFile; fileRef = 04231F8723AAB2FE00031048 /* LibraryContainer.swift */; };
		04500A5B23A3E94E006340FF /* AppDelegate.swift in Sources */ = {isa = PBXBuildFile; fileRef = 04500A5A23A3E94E006340FF /* AppDelegate.swift */; };
		04500A5D23A3E94E006340FF /* SceneDelegate.swift in Sources */ = {isa = PBXBuildFile; fileRef = 04500A5C23A3E94E006340FF /* SceneDelegate.swift */; };
		04500A5F23A3E94E006340FF /* ViewController.swift in Sources */ = {isa = PBXBuildFile; fileRef = 04500A5E23A3E94E006340FF /* ViewController.swift */; };
		04500A6223A3E94E006340FF /* Main.storyboard in Resources */ = {isa = PBXBuildFile; fileRef = 04500A6023A3E94E006340FF /* Main.storyboard */; };
		04500A6423A3E950006340FF /* Assets.xcassets in Resources */ = {isa = PBXBuildFile; fileRef = 04500A6323A3E950006340FF /* Assets.xcassets */; };
		04500A6723A3E950006340FF /* LaunchScreen.storyboard in Resources */ = {isa = PBXBuildFile; fileRef = 04500A6523A3E950006340FF /* LaunchScreen.storyboard */; };
		0468A5F823BFA343005B8FE7 /* BookSearchTests.swift in Sources */ = {isa = PBXBuildFile; fileRef = 0468A5F723BFA343005B8FE7 /* BookSearchTests.swift */; };
		DF9A1C26DBDC5E630771395E /* Pods_BookSearch.framework in Frameworks */ = {isa = PBXBuildFile; fileRef = 3E0BCF4A7831CAEECBEFF501 /* Pods_BookSearch.framework */; };
/* End PBXBuildFile section */

/* Begin PBXContainerItemProxy section */
		0468A5FA23BFA343005B8FE7 /* PBXContainerItemProxy */ = {
			isa = PBXContainerItemProxy;
			containerPortal = 04500A4F23A3E94E006340FF /* Project object */;
			proxyType = 1;
			remoteGlobalIDString = 04500A5623A3E94E006340FF;
			remoteInfo = BookSearch;
		};
/* End PBXContainerItemProxy section */

/* Begin PBXFileReference section */
		04231F8323AAB12500031048 /* ResultViewController.swift */ = {isa = PBXFileReference; lastKnownFileType = sourcecode.swift; path = ResultViewController.swift; sourceTree = "<group>"; };
		04231F8523AAB13100031048 /* DetailViewController.swift */ = {isa = PBXFileReference; lastKnownFileType = sourcecode.swift; path = DetailViewController.swift; sourceTree = "<group>"; };
		04231F8723AAB2FE00031048 /* LibraryContainer.swift */ = {isa = PBXFileReference; lastKnownFileType = sourcecode.swift; path = LibraryContainer.swift; sourceTree = "<group>"; };
		04500A5723A3E94E006340FF /* BookSearch.app */ = {isa = PBXFileReference; explicitFileType = wrapper.application; includeInIndex = 0; path = BookSearch.app; sourceTree = BUILT_PRODUCTS_DIR; };
		04500A5A23A3E94E006340FF /* AppDelegate.swift */ = {isa = PBXFileReference; lastKnownFileType = sourcecode.swift; path = AppDelegate.swift; sourceTree = "<group>"; };
		04500A5C23A3E94E006340FF /* SceneDelegate.swift */ = {isa = PBXFileReference; lastKnownFileType = sourcecode.swift; path = SceneDelegate.swift; sourceTree = "<group>"; };
		04500A5E23A3E94E006340FF /* ViewController.swift */ = {isa = PBXFileReference; lastKnownFileType = sourcecode.swift; path = ViewController.swift; sourceTree = "<group>"; };
		04500A6123A3E94E006340FF /* Base */ = {isa = PBXFileReference; lastKnownFileType = file.storyboard; name = Base; path = Base.lproj/Main.storyboard; sourceTree = "<group>"; };
		04500A6323A3E950006340FF /* Assets.xcassets */ = {isa = PBXFileReference; lastKnownFileType = folder.assetcatalog; path = Assets.xcassets; sourceTree = "<group>"; };
		04500A6623A3E950006340FF /* Base */ = {isa = PBXFileReference; lastKnownFileType = file.storyboard; name = Base; path = Base.lproj/LaunchScreen.storyboard; sourceTree = "<group>"; };
		04500A6823A3E950006340FF /* Info.plist */ = {isa = PBXFileReference; lastKnownFileType = text.plist.xml; path = Info.plist; sourceTree = "<group>"; };
		0468A5F523BFA343005B8FE7 /* BookSearchTests.xctest */ = {isa = PBXFileReference; explicitFileType = wrapper.cfbundle; includeInIndex = 0; path = BookSearchTests.xctest; sourceTree = BUILT_PRODUCTS_DIR; };
		0468A5F723BFA343005B8FE7 /* BookSearchTests.swift */ = {isa = PBXFileReference; lastKnownFileType = sourcecode.swift; path = BookSearchTests.swift; sourceTree = "<group>"; };
		0468A5F923BFA343005B8FE7 /* Info.plist */ = {isa = PBXFileReference; lastKnownFileType = text.plist.xml; path = Info.plist; sourceTree = "<group>"; };
		3E0BCF4A7831CAEECBEFF501 /* Pods_BookSearch.framework */ = {isa = PBXFileReference; explicitFileType = wrapper.framework; includeInIndex = 0; path = Pods_BookSearch.framework; sourceTree = BUILT_PRODUCTS_DIR; };
		476ADF23CF27AA4DAECD45D6 /* Pods-BookSearch.debug.xcconfig */ = {isa = PBXFileReference; includeInIndex = 1; lastKnownFileType = text.xcconfig; name = "Pods-BookSearch.debug.xcconfig"; path = "Target Support Files/Pods-BookSearch/Pods-BookSearch.debug.xcconfig"; sourceTree = "<group>"; };
		CB5C2FD9898D8ECFC7DBD0EF /* Pods-BookSearch.release.xcconfig */ = {isa = PBXFileReference; includeInIndex = 1; lastKnownFileType = text.xcconfig; name = "Pods-BookSearch.release.xcconfig"; path = "Target Support Files/Pods-BookSearch/Pods-BookSearch.release.xcconfig"; sourceTree = "<group>"; };
/* End PBXFileReference section */

/* Begin PBXFrameworksBuildPhase section */
		04500A5423A3E94E006340FF /* Frameworks */ = {
			isa = PBXFrameworksBuildPhase;
			buildActionMask = 2147483647;
			files = (
				DF9A1C26DBDC5E630771395E /* Pods_BookSearch.framework in Frameworks */,
			);
			runOnlyForDeploymentPostprocessing = 0;
		};
		0468A5F223BFA343005B8FE7 /* Frameworks */ = {
			isa = PBXFrameworksBuildPhase;
			buildActionMask = 2147483647;
			files = (
			);
			runOnlyForDeploymentPostprocessing = 0;
		};
/* End PBXFrameworksBuildPhase section */

/* Begin PBXGroup section */
		04500A4E23A3E94E006340FF = {
			isa = PBXGroup;
			children = (
				04500A5923A3E94E006340FF /* BookSearch */,
				0468A5F623BFA343005B8FE7 /* BookSearchTests */,
				04500A5823A3E94E006340FF /* Products */,
				A4F51B6D20DF3C7FCED90C1C /* Pods */,
				BC4A7CBA2A1B311C720F3626 /* Frameworks */,
			);
			sourceTree = "<group>";
		};
		04500A5823A3E94E006340FF /* Products */ = {
			isa = PBXGroup;
			children = (
				04500A5723A3E94E006340FF /* BookSearch.app */,
				0468A5F523BFA343005B8FE7 /* BookSearchTests.xctest */,
			);
			name = Products;
			sourceTree = "<group>";
		};
		04500A5923A3E94E006340FF /* BookSearch */ = {
			isa = PBXGroup;
			children = (
				04500A5A23A3E94E006340FF /* AppDelegate.swift */,
				04500A5C23A3E94E006340FF /* SceneDelegate.swift */,
				04500A5E23A3E94E006340FF /* ViewController.swift */,
				04231F8323AAB12500031048 /* ResultViewController.swift */,
				04231F8523AAB13100031048 /* DetailViewController.swift */,
				04500A6023A3E94E006340FF /* Main.storyboard */,
				04500A6323A3E950006340FF /* Assets.xcassets */,
				04500A6523A3E950006340FF /* LaunchScreen.storyboard */,
				04500A6823A3E950006340FF /* Info.plist */,
				04231F8723AAB2FE00031048 /* LibraryContainer.swift */,
			);
			path = BookSearch;
			sourceTree = "<group>";
		};
		0468A5F623BFA343005B8FE7 /* BookSearchTests */ = {
			isa = PBXGroup;
			children = (
				0468A5F723BFA343005B8FE7 /* BookSearchTests.swift */,
				0468A5F923BFA343005B8FE7 /* Info.plist */,
			);
			path = BookSearchTests;
			sourceTree = "<group>";
		};
		A4F51B6D20DF3C7FCED90C1C /* Pods */ = {
			isa = PBXGroup;
			children = (
				476ADF23CF27AA4DAECD45D6 /* Pods-BookSearch.debug.xcconfig */,
				CB5C2FD9898D8ECFC7DBD0EF /* Pods-BookSearch.release.xcconfig */,
			);
			path = Pods;
			sourceTree = "<group>";
		};
		BC4A7CBA2A1B311C720F3626 /* Frameworks */ = {
			isa = PBXGroup;
			children = (
				3E0BCF4A7831CAEECBEFF501 /* Pods_BookSearch.framework */,
			);
			name = Frameworks;
			sourceTree = "<group>";
		};
/* End PBXGroup section */

/* Begin PBXNativeTarget section */
		04500A5623A3E94E006340FF /* BookSearch */ = {
			isa = PBXNativeTarget;
			buildConfigurationList = 04500A6B23A3E950006340FF /* Build configuration list for PBXNativeTarget "BookSearch" */;
			buildPhases = (
				EB1516E8F7453DB80732DB2F /* [CP] Check Pods Manifest.lock */,
				04500A5323A3E94E006340FF /* Sources */,
				04500A5423A3E94E006340FF /* Frameworks */,
				04500A5523A3E94E006340FF /* Resources */,
				32823382A1E072891CF2DEA4 /* [CP] Embed Pods Frameworks */,
			);
			buildRules = (
			);
			dependencies = (
			);
			name = BookSearch;
			productName = BookSearch;
			productReference = 04500A5723A3E94E006340FF /* BookSearch.app */;
			productType = "com.apple.product-type.application";
		};
		0468A5F423BFA343005B8FE7 /* BookSearchTests */ = {
			isa = PBXNativeTarget;
			buildConfigurationList = 0468A5FE23BFA343005B8FE7 /* Build configuration list for PBXNativeTarget "BookSearchTests" */;
			buildPhases = (
				0468A5F123BFA343005B8FE7 /* Sources */,
				0468A5F223BFA343005B8FE7 /* Frameworks */,
				0468A5F323BFA343005B8FE7 /* Resources */,
			);
			buildRules = (
			);
			dependencies = (
				0468A5FB23BFA343005B8FE7 /* PBXTargetDependency */,
			);
			name = BookSearchTests;
			productName = BookSearchTests;
			productReference = 0468A5F523BFA343005B8FE7 /* BookSearchTests.xctest */;
			productType = "com.apple.product-type.bundle.unit-test";
		};
/* End PBXNativeTarget section */

/* Begin PBXProject section */
		04500A4F23A3E94E006340FF /* Project object */ = {
			isa = PBXProject;
			attributes = {
				LastSwiftUpdateCheck = 1130;
				LastUpgradeCheck = 1130;
				ORGANIZATIONNAME = PaulRenfrew;
				TargetAttributes = {
					04500A5623A3E94E006340FF = {
						CreatedOnToolsVersion = 11.3;
					};
					0468A5F423BFA343005B8FE7 = {
						CreatedOnToolsVersion = 11.3;
						TestTargetID = 04500A5623A3E94E006340FF;
					};
				};
			};
			buildConfigurationList = 04500A5223A3E94E006340FF /* Build configuration list for PBXProject "BookSearch" */;
			compatibilityVersion = "Xcode 9.3";
			developmentRegion = en;
			hasScannedForEncodings = 0;
			knownRegions = (
				en,
				Base,
			);
			mainGroup = 04500A4E23A3E94E006340FF;
			productRefGroup = 04500A5823A3E94E006340FF /* Products */;
			projectDirPath = "";
			projectRoot = "";
			targets = (
				04500A5623A3E94E006340FF /* BookSearch */,
				0468A5F423BFA343005B8FE7 /* BookSearchTests */,
			);
		};
/* End PBXProject section */

/* Begin PBXResourcesBuildPhase section */
		04500A5523A3E94E006340FF /* Resources */ = {
			isa = PBXResourcesBuildPhase;
			buildActionMask = 2147483647;
			files = (
				04500A6723A3E950006340FF /* LaunchScreen.storyboard in Resources */,
				04500A6423A3E950006340FF /* Assets.xcassets in Resources */,
				04500A6223A3E94E006340FF /* Main.storyboard in Resources */,
			);
			runOnlyForDeploymentPostprocessing = 0;
		};
		0468A5F323BFA343005B8FE7 /* Resources */ = {
			isa = PBXResourcesBuildPhase;
			buildActionMask = 2147483647;
			files = (
			);
			runOnlyForDeploymentPostprocessing = 0;
		};
/* End PBXResourcesBuildPhase section */

/* Begin PBXShellScriptBuildPhase section */
		32823382A1E072891CF2DEA4 /* [CP] Embed Pods Frameworks */ = {
			isa = PBXShellScriptBuildPhase;
			buildActionMask = 2147483647;
			files = (
			);
			inputFileListPaths = (
				"${PODS_ROOT}/Target Support Files/Pods-BookSearch/Pods-BookSearch-frameworks-${CONFIGURATION}-input-files.xcfilelist",
			);
			name = "[CP] Embed Pods Frameworks";
			outputFileListPaths = (
				"${PODS_ROOT}/Target Support Files/Pods-BookSearch/Pods-BookSearch-frameworks-${CONFIGURATION}-output-files.xcfilelist",
			);
			runOnlyForDeploymentPostprocessing = 0;
			shellPath = /bin/sh;
			shellScript = "\"${PODS_ROOT}/Target Support Files/Pods-BookSearch/Pods-BookSearch-frameworks.sh\"\n";
			showEnvVarsInLog = 0;
		};
		EB1516E8F7453DB80732DB2F /* [CP] Check Pods Manifest.lock */ = {
			isa = PBXShellScriptBuildPhase;
			buildActionMask = 2147483647;
			files = (
			);
			inputFileListPaths = (
			);
			inputPaths = (
				"${PODS_PODFILE_DIR_PATH}/Podfile.lock",
				"${PODS_ROOT}/Manifest.lock",
			);
			name = "[CP] Check Pods Manifest.lock";
			outputFileListPaths = (
			);
			outputPaths = (
				"$(DERIVED_FILE_DIR)/Pods-BookSearch-checkManifestLockResult.txt",
			);
			runOnlyForDeploymentPostprocessing = 0;
			shellPath = /bin/sh;
			shellScript = "diff \"${PODS_PODFILE_DIR_PATH}/Podfile.lock\" \"${PODS_ROOT}/Manifest.lock\" > /dev/null\nif [ $? != 0 ] ; then\n    # print error to STDERR\n    echo \"error: The sandbox is not in sync with the Podfile.lock. Run 'pod install' or update your CocoaPods installation.\" >&2\n    exit 1\nfi\n# This output is used by Xcode 'outputs' to avoid re-running this script phase.\necho \"SUCCESS\" > \"${SCRIPT_OUTPUT_FILE_0}\"\n";
			showEnvVarsInLog = 0;
		};
/* End PBXShellScriptBuildPhase section */

/* Begin PBXSourcesBuildPhase section */
		04500A5323A3E94E006340FF /* Sources */ = {
			isa = PBXSourcesBuildPhase;
			buildActionMask = 2147483647;
			files = (
				04500A5F23A3E94E006340FF /* ViewController.swift in Sources */,
				04500A5B23A3E94E006340FF /* AppDelegate.swift in Sources */,
				04231F8623AAB13100031048 /* DetailViewController.swift in Sources */,
				04231F8823AAB2FE00031048 /* LibraryContainer.swift in Sources */,
				04500A5D23A3E94E006340FF /* SceneDelegate.swift in Sources */,
				04231F8423AAB12500031048 /* ResultViewController.swift in Sources */,
			);
			runOnlyForDeploymentPostprocessing = 0;
		};
		0468A5F123BFA343005B8FE7 /* Sources */ = {
			isa = PBXSourcesBuildPhase;
			buildActionMask = 2147483647;
			files = (
				0468A5F823BFA343005B8FE7 /* BookSearchTests.swift in Sources */,
			);
			runOnlyForDeploymentPostprocessing = 0;
		};
/* End PBXSourcesBuildPhase section */

/* Begin PBXTargetDependency section */
		0468A5FB23BFA343005B8FE7 /* PBXTargetDependency */ = {
			isa = PBXTargetDependency;
			target = 04500A5623A3E94E006340FF /* BookSearch */;
			targetProxy = 0468A5FA23BFA343005B8FE7 /* PBXContainerItemProxy */;
		};
/* End PBXTargetDependency section */

/* Begin PBXVariantGroup section */
		04500A6023A3E94E006340FF /* Main.storyboard */ = {
			isa = PBXVariantGroup;
			children = (
				04500A6123A3E94E006340FF /* Base */,
			);
			name = Main.storyboard;
			sourceTree = "<group>";
		};
		04500A6523A3E950006340FF /* LaunchScreen.storyboard */ = {
			isa = PBXVariantGroup;
			children = (
				04500A6623A3E950006340FF /* Base */,
			);
			name = LaunchScreen.storyboard;
			sourceTree = "<group>";
		};
/* End PBXVariantGroup section */

/* Begin XCBuildConfiguration section */
		04500A6923A3E950006340FF /* Debug */ = {
			isa = XCBuildConfiguration;
			buildSettings = {
				ALWAYS_SEARCH_USER_PATHS = NO;
				CLANG_ANALYZER_NONNULL = YES;
				CLANG_ANALYZER_NUMBER_OBJECT_CONVERSION = YES_AGGRESSIVE;
				CLANG_CXX_LANGUAGE_STANDARD = "gnu++14";
				CLANG_CXX_LIBRARY = "libc++";
				CLANG_ENABLE_MODULES = YES;
				CLANG_ENABLE_OBJC_ARC = YES;
				CLANG_ENABLE_OBJC_WEAK = YES;
				CLANG_WARN_BLOCK_CAPTURE_AUTORELEASING = YES;
				CLANG_WARN_BOOL_CONVERSION = YES;
				CLANG_WARN_COMMA = YES;
				CLANG_WARN_CONSTANT_CONVERSION = YES;
				CLANG_WARN_DEPRECATED_OBJC_IMPLEMENTATIONS = YES;
				CLANG_WARN_DIRECT_OBJC_ISA_USAGE = YES_ERROR;
				CLANG_WARN_DOCUMENTATION_COMMENTS = YES;
				CLANG_WARN_EMPTY_BODY = YES;
				CLANG_WARN_ENUM_CONVERSION = YES;
				CLANG_WARN_INFINITE_RECURSION = YES;
				CLANG_WARN_INT_CONVERSION = YES;
				CLANG_WARN_NON_LITERAL_NULL_CONVERSION = YES;
				CLANG_WARN_OBJC_IMPLICIT_RETAIN_SELF = YES;
				CLANG_WARN_OBJC_LITERAL_CONVERSION = YES;
				CLANG_WARN_OBJC_ROOT_CLASS = YES_ERROR;
				CLANG_WARN_RANGE_LOOP_ANALYSIS = YES;
				CLANG_WARN_STRICT_PROTOTYPES = YES;
				CLANG_WARN_SUSPICIOUS_MOVE = YES;
				CLANG_WARN_UNGUARDED_AVAILABILITY = YES_AGGRESSIVE;
				CLANG_WARN_UNREACHABLE_CODE = YES;
				CLANG_WARN__DUPLICATE_METHOD_MATCH = YES;
				COPY_PHASE_STRIP = NO;
				DEBUG_INFORMATION_FORMAT = dwarf;
				ENABLE_STRICT_OBJC_MSGSEND = YES;
				ENABLE_TESTABILITY = YES;
				GCC_C_LANGUAGE_STANDARD = gnu11;
				GCC_DYNAMIC_NO_PIC = NO;
				GCC_NO_COMMON_BLOCKS = YES;
				GCC_OPTIMIZATION_LEVEL = 0;
				GCC_PREPROCESSOR_DEFINITIONS = (
					"DEBUG=1",
					"$(inherited)",
				);
				GCC_WARN_64_TO_32_BIT_CONVERSION = YES;
				GCC_WARN_ABOUT_RETURN_TYPE = YES_ERROR;
				GCC_WARN_UNDECLARED_SELECTOR = YES;
				GCC_WARN_UNINITIALIZED_AUTOS = YES_AGGRESSIVE;
				GCC_WARN_UNUSED_FUNCTION = YES;
				GCC_WARN_UNUSED_VARIABLE = YES;
				IPHONEOS_DEPLOYMENT_TARGET = 13.2;
				MTL_ENABLE_DEBUG_INFO = INCLUDE_SOURCE;
				MTL_FAST_MATH = YES;
				ONLY_ACTIVE_ARCH = YES;
				SDKROOT = iphoneos;
				SWIFT_ACTIVE_COMPILATION_CONDITIONS = DEBUG;
				SWIFT_OPTIMIZATION_LEVEL = "-Onone";
			};
			name = Debug;
		};
		04500A6A23A3E950006340FF /* Release */ = {
			isa = XCBuildConfiguration;
			buildSettings = {
				ALWAYS_SEARCH_USER_PATHS = NO;
				CLANG_ANALYZER_NONNULL = YES;
				CLANG_ANALYZER_NUMBER_OBJECT_CONVERSION = YES_AGGRESSIVE;
				CLANG_CXX_LANGUAGE_STANDARD = "gnu++14";
				CLANG_CXX_LIBRARY = "libc++";
				CLANG_ENABLE_MODULES = YES;
				CLANG_ENABLE_OBJC_ARC = YES;
				CLANG_ENABLE_OBJC_WEAK = YES;
				CLANG_WARN_BLOCK_CAPTURE_AUTORELEASING = YES;
				CLANG_WARN_BOOL_CONVERSION = YES;
				CLANG_WARN_COMMA = YES;
				CLANG_WARN_CONSTANT_CONVERSION = YES;
				CLANG_WARN_DEPRECATED_OBJC_IMPLEMENTATIONS = YES;
				CLANG_WARN_DIRECT_OBJC_ISA_USAGE = YES_ERROR;
				CLANG_WARN_DOCUMENTATION_COMMENTS = YES;
				CLANG_WARN_EMPTY_BODY = YES;
				CLANG_WARN_ENUM_CONVERSION = YES;
				CLANG_WARN_INFINITE_RECURSION = YES;
				CLANG_WARN_INT_CONVERSION = YES;
				CLANG_WARN_NON_LITERAL_NULL_CONVERSION = YES;
				CLANG_WARN_OBJC_IMPLICIT_RETAIN_SELF = YES;
				CLANG_WARN_OBJC_LITERAL_CONVERSION = YES;
				CLANG_WARN_OBJC_ROOT_CLASS = YES_ERROR;
				CLANG_WARN_RANGE_LOOP_ANALYSIS = YES;
				CLANG_WARN_STRICT_PROTOTYPES = YES;
				CLANG_WARN_SUSPICIOUS_MOVE = YES;
				CLANG_WARN_UNGUARDED_AVAILABILITY = YES_AGGRESSIVE;
				CLANG_WARN_UNREACHABLE_CODE = YES;
				CLANG_WARN__DUPLICATE_METHOD_MATCH = YES;
				COPY_PHASE_STRIP = NO;
				DEBUG_INFORMATION_FORMAT = "dwarf-with-dsym";
				ENABLE_NS_ASSERTIONS = NO;
				ENABLE_STRICT_OBJC_MSGSEND = YES;
				GCC_C_LANGUAGE_STANDARD = gnu11;
				GCC_NO_COMMON_BLOCKS = YES;
				GCC_WARN_64_TO_32_BIT_CONVERSION = YES;
				GCC_WARN_ABOUT_RETURN_TYPE = YES_ERROR;
				GCC_WARN_UNDECLARED_SELECTOR = YES;
				GCC_WARN_UNINITIALIZED_AUTOS = YES_AGGRESSIVE;
				GCC_WARN_UNUSED_FUNCTION = YES;
				GCC_WARN_UNUSED_VARIABLE = YES;
				IPHONEOS_DEPLOYMENT_TARGET = 13.2;
				MTL_ENABLE_DEBUG_INFO = NO;
				MTL_FAST_MATH = YES;
				SDKROOT = iphoneos;
				SWIFT_COMPILATION_MODE = wholemodule;
				SWIFT_OPTIMIZATION_LEVEL = "-O";
				VALIDATE_PRODUCT = YES;
			};
			name = Release;
		};
		04500A6C23A3E950006340FF /* Debug */ = {
			isa = XCBuildConfiguration;
			baseConfigurationReference = 476ADF23CF27AA4DAECD45D6 /* Pods-BookSearch.debug.xcconfig */;
			buildSettings = {
				ASSETCATALOG_COMPILER_APPICON_NAME = AppIcon;
				CODE_SIGN_STYLE = Automatic;
				DEVELOPMENT_TEAM = 86S9QXK86N;
				INFOPLIST_FILE = BookSearch/Info.plist;
				LD_RUNPATH_SEARCH_PATHS = (
					"$(inherited)",
					"@executable_path/Frameworks",
				);
				PRODUCT_BUNDLE_IDENTIFIER = com.renfrew.project.BookSearch;
				PRODUCT_NAME = "$(TARGET_NAME)";
				SWIFT_VERSION = 5.0;
				TARGETED_DEVICE_FAMILY = "1,2";
			};
			name = Debug;
		};
		04500A6D23A3E950006340FF /* Release */ = {
			isa = XCBuildConfiguration;
			baseConfigurationReference = CB5C2FD9898D8ECFC7DBD0EF /* Pods-BookSearch.release.xcconfig */;
			buildSettings = {
				ASSETCATALOG_COMPILER_APPICON_NAME = AppIcon;
				CODE_SIGN_STYLE = Automatic;
				DEVELOPMENT_TEAM = 86S9QXK86N;
				INFOPLIST_FILE = BookSearch/Info.plist;
				LD_RUNPATH_SEARCH_PATHS = (
					"$(inherited)",
					"@executable_path/Frameworks",
				);
				PRODUCT_BUNDLE_IDENTIFIER = com.renfrew.project.BookSearch;
				PRODUCT_NAME = "$(TARGET_NAME)";
				SWIFT_VERSION = 5.0;
				TARGETED_DEVICE_FAMILY = "1,2";
			};
			name = Release;
		};
		0468A5FC23BFA343005B8FE7 /* Debug */ = {
			isa = XCBuildConfiguration;
			buildSettings = {
				BUNDLE_LOADER = "$(TEST_HOST)";
				CODE_SIGN_STYLE = Automatic;
				DEVELOPMENT_TEAM = 6FE8BEE34N;
				INFOPLIST_FILE = BookSearchTests/Info.plist;
				LD_RUNPATH_SEARCH_PATHS = (
					"$(inherited)",
					"@executable_path/Frameworks",
					"@loader_path/Frameworks",
				);
				PRODUCT_BUNDLE_IDENTIFIER = "Hamzah-Masood.BookSearchTests";
				PRODUCT_NAME = "$(TARGET_NAME)";
				SWIFT_VERSION = 5.0;
				TARGETED_DEVICE_FAMILY = "1,2";
				TEST_HOST = "$(BUILT_PRODUCTS_DIR)/BookSearch.app/BookSearch";
			};
			name = Debug;
		};
		0468A5FD23BFA343005B8FE7 /* Release */ = {
			isa = XCBuildConfiguration;
			buildSettings = {
				BUNDLE_LOADER = "$(TEST_HOST)";
				CODE_SIGN_STYLE = Automatic;
				DEVELOPMENT_TEAM = 6FE8BEE34N;
				INFOPLIST_FILE = BookSearchTests/Info.plist;
				LD_RUNPATH_SEARCH_PATHS = (
					"$(inherited)",
					"@executable_path/Frameworks",
					"@loader_path/Frameworks",
				);
				PRODUCT_BUNDLE_IDENTIFIER = "Hamzah-Masood.BookSearchTests";
				PRODUCT_NAME = "$(TARGET_NAME)";
				SWIFT_VERSION = 5.0;
				TARGETED_DEVICE_FAMILY = "1,2";
				TEST_HOST = "$(BUILT_PRODUCTS_DIR)/BookSearch.app/BookSearch";
			};
			name = Release;
		};
/* End XCBuildConfiguration section */

/* Begin XCConfigurationList section */
		04500A5223A3E94E006340FF /* Build configuration list for PBXProject "BookSearch" */ = {
			isa = XCConfigurationList;
			buildConfigurations = (
				04500A6923A3E950006340FF /* Debug */,
				04500A6A23A3E950006340FF /* Release */,
			);
			defaultConfigurationIsVisible = 0;
			defaultConfigurationName = Release;
		};
		04500A6B23A3E950006340FF /* Build configuration list for PBXNativeTarget "BookSearch" */ = {
			isa = XCConfigurationList;
			buildConfigurations = (
				04500A6C23A3E950006340FF /* Debug */,
				04500A6D23A3E950006340FF /* Release */,
			);
			defaultConfigurationIsVisible = 0;
			defaultConfigurationName = Release;
		};
		0468A5FE23BFA343005B8FE7 /* Build configuration list for PBXNativeTarget "BookSearchTests" */ = {
			isa = XCConfigurationList;
			buildConfigurations = (
				0468A5FC23BFA343005B8FE7 /* Debug */,
				0468A5FD23BFA343005B8FE7 /* Release */,
			);
			defaultConfigurationIsVisible = 0;
			defaultConfigurationName = Release;
		};
/* End XCConfigurationList section */
	};
	rootObject = 04500A4F23A3E94E006340FF /* Project object */;
}
